
Microsoft Visual Studio Solution File, Format Version 12.00
# Visual Studio Version 17
VisualStudioVersion = 17.11.35327.3
MinimumVisualStudioVersion = 10.0.40219.1
Project("{FAE04EC0-301F-11D3-BF4B-00C04F79EFBC}") = "Blazor_Todo", "Blazor_Todo\Blazor_Todo.csproj", "{206794FE-8B4D-441A-AC52-6FC3BBB9255D}"
EndProject
Global
	GlobalSection(SolutionConfigurationPlatforms) = preSolution
		Debug|Any CPU = Debug|Any CPU
		Release|Any CPU = Release|Any CPU
	EndGlobalSection
	GlobalSection(ProjectConfigurationPlatforms) = postSolution
		{206794FE-8B4D-441A-AC52-6FC3BBB9255D}.Debug|Any CPU.ActiveCfg = Debug|Any CPU
		{206794FE-8B4D-441A-AC52-6FC3BBB9255D}.Debug|Any CPU.Build.0 = Debug|Any CPU
		{206794FE-8B4D-441A-AC52-6FC3BBB9255D}.Release|Any CPU.ActiveCfg = Release|Any CPU
		{206794FE-8B4D-441A-AC52-6FC3BBB9255D}.Release|Any CPU.Build.0 = Release|Any CPU
	EndGlobalSection
	GlobalSection(SolutionProperties) = preSolution
		HideSolutionNode = FALSE
	EndGlobalSection
	GlobalSection(ExtensibilityGlobals) = postSolution
		SolutionGuid = {F9F01BC3-0065-4F6F-92A8-6E4429CD21DF}
	EndGlobalSection
EndGlobal
