
Microsoft Visual Studio Solution File, Format Version 12.00
# Visual Studio Version 17
VisualStudioVersion = 17.11.35327.3
MinimumVisualStudioVersion = 10.0.40219.1
Project("{9A19103F-16F7-4668-BE54-9A1E7A4F7556}") = "Blazor_Todo", "Blazor_Todo\Blazor_Todo.csproj", "{206794FE-8B4D-441A-AC52-6FC3BBB9255D}"
EndProject
Project("{9A19103F-16F7-4668-BE54-9A1E7A4F7556}") = "Blazor_Todo.Client", "Blazor_Todo.Client\Blazor_Todo.Client.csproj", "{677D88AC-5353-4CAA-AA9F-3F69219495FF}"
EndProject
Project("{FAE04EC0-301F-11D3-BF4B-00C04F79EFBC}") = "Blazor_Todo.Domain", "Blazor_Todo.Domain\Blazor_Todo.Domain.csproj", "{AA3BAF03-8C99-4030-A955-9B7DFDEFDC92}"
EndProject
Project("{FAE04EC0-301F-11D3-BF4B-00C04F79EFBC}") = "Blazor_Todo.Infrastructure", "Blazor_Todo.Infrastructure\Blazor_Todo.Infrastructure.csproj", "{769250A8-1B23-4A9C-B6AE-E152CEDAABBC}"
EndProject
Project("{FAE04EC0-301F-11D3-BF4B-00C04F79EFBC}") = "Blazor_Todo.Application", "Blazor_Todo.Application\Blazor_Todo.Application.csproj", "{075D0098-0764-4F91-A8A8-4AFFE7C0403F}"
EndProject
Global
	GlobalSection(SolutionConfigurationPlatforms) = preSolution
		Debug|Any CPU = Debug|Any CPU
		Release|Any CPU = Release|Any CPU
	EndGlobalSection
	GlobalSection(ProjectConfigurationPlatforms) = postSolution
		{206794FE-8B4D-441A-AC52-6FC3BBB9255D}.Debug|Any CPU.ActiveCfg = Debug|Any CPU
		{206794FE-8B4D-441A-AC52-6FC3BBB9255D}.Debug|Any CPU.Build.0 = Debug|Any CPU
		{206794FE-8B4D-441A-AC52-6FC3BBB9255D}.Release|Any CPU.ActiveCfg = Release|Any CPU
		{206794FE-8B4D-441A-AC52-6FC3BBB9255D}.Release|Any CPU.Build.0 = Release|Any CPU
		{677D88AC-5353-4CAA-AA9F-3F69219495FF}.Debug|Any CPU.ActiveCfg = Debug|Any CPU
		{677D88AC-5353-4CAA-AA9F-3F69219495FF}.Debug|Any CPU.Build.0 = Debug|Any CPU
		{677D88AC-5353-4CAA-AA9F-3F69219495FF}.Release|Any CPU.ActiveCfg = Release|Any CPU
		{677D88AC-5353-4CAA-AA9F-3F69219495FF}.Release|Any CPU.Build.0 = Release|Any CPU
		{AA3BAF03-8C99-4030-A955-9B7DFDEFDC92}.Debug|Any CPU.ActiveCfg = Debug|Any CPU
		{AA3BAF03-8C99-4030-A955-9B7DFDEFDC92}.Debug|Any CPU.Build.0 = Debug|Any CPU
		{AA3BAF03-8C99-4030-A955-9B7DFDEFDC92}.Release|Any CPU.ActiveCfg = Release|Any CPU
		{AA3BAF03-8C99-4030-A955-9B7DFDEFDC92}.Release|Any CPU.Build.0 = Release|Any CPU
		{769250A8-1B23-4A9C-B6AE-E152CEDAABBC}.Debug|Any CPU.ActiveCfg = Debug|Any CPU
		{769250A8-1B23-4A9C-B6AE-E152CEDAABBC}.Debug|Any CPU.Build.0 = Debug|Any CPU
		{769250A8-1B23-4A9C-B6AE-E152CEDAABBC}.Release|Any CPU.ActiveCfg = Release|Any CPU
		{769250A8-1B23-4A9C-B6AE-E152CEDAABBC}.Release|Any CPU.Build.0 = Release|Any CPU
		{075D0098-0764-4F91-A8A8-4AFFE7C0403F}.Debug|Any CPU.ActiveCfg = Debug|Any CPU
		{075D0098-0764-4F91-A8A8-4AFFE7C0403F}.Debug|Any CPU.Build.0 = Debug|Any CPU
		{075D0098-0764-4F91-A8A8-4AFFE7C0403F}.Release|Any CPU.ActiveCfg = Release|Any CPU
		{075D0098-0764-4F91-A8A8-4AFFE7C0403F}.Release|Any CPU.Build.0 = Release|Any CPU
	EndGlobalSection
	GlobalSection(SolutionProperties) = preSolution
		HideSolutionNode = FALSE
	EndGlobalSection
	GlobalSection(ExtensibilityGlobals) = postSolution
		SolutionGuid = {F9F01BC3-0065-4F6F-92A8-6E4429CD21DF}
	EndGlobalSection
EndGlobal
